
Microsoft Visual Studio Solution File, Format Version 12.00
# Visual Studio Version 16
VisualStudioVersion = 16.0.31727.386
MinimumVisualStudioVersion = 10.0.40219.1
Project("{FAE04EC0-301F-11D3-BF4B-00C04F79EFBC}") = "MyDoctor", "MyDoctor\MyDoctor.csproj", "{46ACB93E-E526-45D5-807D-C21CBB1DBB8F}"
EndProject
Project("{FAE04EC0-301F-11D3-BF4B-00C04F79EFBC}") = "MyDoctor.Core", "MyDoctor.Core\MyDoctor.Core.csproj", "{99811C27-4CF1-4809-BFCC-144AAD8A4BDC}"
EndProject
Project("{FAE04EC0-301F-11D3-BF4B-00C04F79EFBC}") = "MyDoctor.Database", "MyDoctor.Database\MyDoctor.Database.csproj", "{3DB1A9C3-8236-4B8D-BB91-F67D62C06D45}"
EndProject
Global
	GlobalSection(SolutionConfigurationPlatforms) = preSolution
		Debug|Any CPU = Debug|Any CPU
		Release|Any CPU = Release|Any CPU
	EndGlobalSection
	GlobalSection(ProjectConfigurationPlatforms) = postSolution
		{46ACB93E-E526-45D5-807D-C21CBB1DBB8F}.Debug|Any CPU.ActiveCfg = Debug|Any CPU
		{46ACB93E-E526-45D5-807D-C21CBB1DBB8F}.Debug|Any CPU.Build.0 = Debug|Any CPU
		{46ACB93E-E526-45D5-807D-C21CBB1DBB8F}.Release|Any CPU.ActiveCfg = Release|Any CPU
		{46ACB93E-E526-45D5-807D-C21CBB1DBB8F}.Release|Any CPU.Build.0 = Release|Any CPU
		{99811C27-4CF1-4809-BFCC-144AAD8A4BDC}.Debug|Any CPU.ActiveCfg = Debug|Any CPU
		{99811C27-4CF1-4809-BFCC-144AAD8A4BDC}.Debug|Any CPU.Build.0 = Debug|Any CPU
		{99811C27-4CF1-4809-BFCC-144AAD8A4BDC}.Release|Any CPU.ActiveCfg = Release|Any CPU
		{99811C27-4CF1-4809-BFCC-144AAD8A4BDC}.Release|Any CPU.Build.0 = Release|Any CPU
		{3DB1A9C3-8236-4B8D-BB91-F67D62C06D45}.Debug|Any CPU.ActiveCfg = Debug|Any CPU
		{3DB1A9C3-8236-4B8D-BB91-F67D62C06D45}.Debug|Any CPU.Build.0 = Debug|Any CPU
		{3DB1A9C3-8236-4B8D-BB91-F67D62C06D45}.Release|Any CPU.ActiveCfg = Release|Any CPU
		{3DB1A9C3-8236-4B8D-BB91-F67D62C06D45}.Release|Any CPU.Build.0 = Release|Any CPU
	EndGlobalSection
	GlobalSection(SolutionProperties) = preSolution
		HideSolutionNode = FALSE
	EndGlobalSection
	GlobalSection(ExtensibilityGlobals) = postSolution
		SolutionGuid = {FDD54060-9B90-4F5A-8F52-63F6525B01B4}
	EndGlobalSection
EndGlobal
